
Microsoft Visual Studio Solution File, Format Version 12.00
# Visual Studio Version 17
VisualStudioVersion = 17.4.33205.214
MinimumVisualStudioVersion = 10.0.40219.1
Project("{9A19103F-16F7-4668-BE54-9A1E7A4F7556}") = "NDExplorer", "NDExplorer.csproj", "{24AF2C69-CB23-41C2-9E42-88D6CAFDC44D}"
EndProject
Global
	GlobalSection(SolutionConfigurationPlatforms) = preSolution
		Debug|Any CPU = Debug|Any CPU
		Release|Any CPU = Release|Any CPU
	EndGlobalSection
	GlobalSection(ProjectConfigurationPlatforms) = postSolution
		{24AF2C69-CB23-41C2-9E42-88D6CAFDC44D}.Debug|Any CPU.ActiveCfg = Debug|Any CPU
		{24AF2C69-CB23-41C2-9E42-88D6CAFDC44D}.Debug|Any CPU.Build.0 = Debug|Any CPU
		{24AF2C69-CB23-41C2-9E42-88D6CAFDC44D}.Release|Any CPU.ActiveCfg = Release|Any CPU
		{24AF2C69-CB23-41C2-9E42-88D6CAFDC44D}.Release|Any CPU.Build.0 = Release|Any CPU
	EndGlobalSection
	GlobalSection(SolutionProperties) = preSolution
		HideSolutionNode = FALSE
	EndGlobalSection
	GlobalSection(ExtensibilityGlobals) = postSolution
		SolutionGuid = {EC017E6E-BF1C-49CA-A2A2-35413CC90743}
	EndGlobalSection
EndGlobal
